name: ShortXMemoryBlock
description: |
  This block represents a short X memory block.
  Components: InitPlusUnit, MemoryUnit, MeasureXUnit
  Used by: short_x_memory_canvas.yml

layers: # list of layers in this block
  - type: InitPlusUnit
    num_layers: 1
  - type: MemoryUnit
    num_layers_from_distance: rest
  - type: MeasureXUnit
    num_layers: 1
